
Microsoft Visual Studio Solution File, Format Version 12.00
# Visual Studio Version 17
VisualStudioVersion = 17.5.002.0
MinimumVisualStudioVersion = 10.0.40219.1
Project("{9A19103F-16F7-4668-BE54-9A1E7A4F7556}") = "mis-221-lab-2-preetimainali", "mis-221-lab-2-preetimainali.csproj", "{DC9F60F3-8A09-409C-861D-7E96E0EE3D1B}"
EndProject
Global
	GlobalSection(SolutionConfigurationPlatforms) = preSolution
		Debug|Any CPU = Debug|Any CPU
		Release|Any CPU = Release|Any CPU
	EndGlobalSection
	GlobalSection(ProjectConfigurationPlatforms) = postSolution
		{DC9F60F3-8A09-409C-861D-7E96E0EE3D1B}.Debug|Any CPU.ActiveCfg = Debug|Any CPU
		{DC9F60F3-8A09-409C-861D-7E96E0EE3D1B}.Debug|Any CPU.Build.0 = Debug|Any CPU
		{DC9F60F3-8A09-409C-861D-7E96E0EE3D1B}.Release|Any CPU.ActiveCfg = Release|Any CPU
		{DC9F60F3-8A09-409C-861D-7E96E0EE3D1B}.Release|Any CPU.Build.0 = Release|Any CPU
	EndGlobalSection
	GlobalSection(SolutionProperties) = preSolution
		HideSolutionNode = FALSE
	EndGlobalSection
	GlobalSection(ExtensibilityGlobals) = postSolution
		SolutionGuid = {7FE6A9BA-A493-4E33-ACAC-3AE7D32C79D1}
	EndGlobalSection
EndGlobal
